// !$*UTF8*$!
{
	archiveVersion = 1;
	classes = {
	};
	objectVersion = 48;
	objects = {

/* Begin PBXBuildFile section */
		46228DA6200C24940006BE29 /* AppDelegate.swift in Sources */ = {isa = PBXBuildFile; fileRef = 46228DA5200C24940006BE29 /* AppDelegate.swift */; };
		46228DA8200C24940006BE29 /* ViewController.swift in Sources */ = {isa = PBXBuildFile; fileRef = 46228DA7200C24940006BE29 /* ViewController.swift */; };
		46228DAB200C24940006BE29 /* Main.storyboard in Resources */ = {isa = PBXBuildFile; fileRef = 46228DA9200C24940006BE29 /* Main.storyboard */; };
		46228DAD200C24940006BE29 /* Assets.xcassets in Resources */ = {isa = PBXBuildFile; fileRef = 46228DAC200C24940006BE29 /* Assets.xcassets */; };
		46228DB0200C24940006BE29 /* LaunchScreen.storyboard in Resources */ = {isa = PBXBuildFile; fileRef = 46228DAE200C24940006BE29 /* LaunchScreen.storyboard */; };
		46228DB8200C275B0006BE29 /* StructProvider .swift in Sources */ = {isa = PBXBuildFile; fileRef = 46228DB7200C275B0006BE29 /* StructProvider .swift */; };
		46228DBA200CAC6B0006BE29 /* BoutTimeAssets in Resources */ = {isa = PBXBuildFile; fileRef = 46228DB9200CAC6B0006BE29 /* BoutTimeAssets */; };
		46DE30EA201795760059A0B3 /* View1Controller.swift in Sources */ = {isa = PBXBuildFile; fileRef = 46DE30E9201795760059A0B3 /* View1Controller.swift */; };
		46DE30EE2017A7030059A0B3 /* WebViewController.swift in Sources */ = {isa = PBXBuildFile; fileRef = 46DE30ED2017A7030059A0B3 /* WebViewController.swift */; };
		46E4419F20171AB40083269D /* atlEvents.plist in Resources */ = {isa = PBXBuildFile; fileRef = 46E4419E20171AB40083269D /* atlEvents.plist */; };
/* End PBXBuildFile section */

/* Begin PBXFileReference section */
		46228DA2200C24940006BE29 /* Bout Time.app */ = {isa = PBXFileReference; explicitFileType = wrapper.application; includeInIndex = 0; path = "Bout Time.app"; sourceTree = BUILT_PRODUCTS_DIR; };
		46228DA5200C24940006BE29 /* AppDelegate.swift */ = {isa = PBXFileReference; lastKnownFileType = sourcecode.swift; path = AppDelegate.swift; sourceTree = "<group>"; };
		46228DA7200C24940006BE29 /* ViewController.swift */ = {isa = PBXFileReference; lastKnownFileType = sourcecode.swift; path = ViewController.swift; sourceTree = "<group>"; };
		46228DAA200C24940006BE29 /* Base */ = {isa = PBXFileReference; lastKnownFileType = file.storyboard; name = Base; path = Base.lproj/Main.storyboard; sourceTree = "<group>"; };
		46228DAC200C24940006BE29 /* Assets.xcassets */ = {isa = PBXFileReference; lastKnownFileType = folder.assetcatalog; path = Assets.xcassets; sourceTree = "<group>"; };
		46228DAF200C24940006BE29 /* Base */ = {isa = PBXFileReference; lastKnownFileType = file.storyboard; name = Base; path = Base.lproj/LaunchScreen.storyboard; sourceTree = "<group>"; };
		46228DB1200C24940006BE29 /* Info.plist */ = {isa = PBXFileReference; lastKnownFileType = text.plist.xml; path = Info.plist; sourceTree = "<group>"; };
		46228DB7200C275B0006BE29 /* StructProvider .swift */ = {isa = PBXFileReference; lastKnownFileType = sourcecode.swift; path = "StructProvider .swift"; sourceTree = "<group>"; };
		46228DB9200CAC6B0006BE29 /* BoutTimeAssets */ = {isa = PBXFileReference; lastKnownFileType = folder; name = BoutTimeAssets; path = ../../../../Downloads/BoutTimeAssetsAndMockups/BoutTimeAssets; sourceTree = "<group>"; };
		46DE30E9201795760059A0B3 /* View1Controller.swift */ = {isa = PBXFileReference; lastKnownFileType = sourcecode.swift; path = View1Controller.swift; sourceTree = "<group>"; };
		46DE30ED2017A7030059A0B3 /* WebViewController.swift */ = {isa = PBXFileReference; lastKnownFileType = sourcecode.swift; path = WebViewController.swift; sourceTree = "<group>"; };
		46E4419E20171AB40083269D /* atlEvents.plist */ = {isa = PBXFileReference; fileEncoding = 4; lastKnownFileType = text.plist.xml; name = atlEvents.plist; path = ../../../../Downloads/propertyFiles/PlistFiles/atlEvents.plist; sourceTree = "<group>"; };
/* End PBXFileReference section */

/* Begin PBXFrameworksBuildPhase section */
		46228D9F200C24940006BE29 /* Frameworks */ = {
			isa = PBXFrameworksBuildPhase;
			buildActionMask = 2147483647;
			files = (
			);
			runOnlyForDeploymentPostprocessing = 0;
		};
/* End PBXFrameworksBuildPhase section */

/* Begin PBXGroup section */
		46228D99200C24940006BE29 = {
			isa = PBXGroup;
			children = (
				46228DA4200C24940006BE29 /* Bout Time */,
				46228DA3200C24940006BE29 /* Products */,
			);
			sourceTree = "<group>";
		};
		46228DA3200C24940006BE29 /* Products */ = {
			isa = PBXGroup;
			children = (
				46228DA2200C24940006BE29 /* Bout Time.app */,
			);
			name = Products;
			sourceTree = "<group>";
		};
		46228DA4200C24940006BE29 /* Bout Time */ = {
			isa = PBXGroup;
			children = (
				46228DA5200C24940006BE29 /* AppDelegate.swift */,
				46228DA7200C24940006BE29 /* ViewController.swift */,
				46DE30ED2017A7030059A0B3 /* WebViewController.swift */,
				46DE30E9201795760059A0B3 /* View1Controller.swift */,
				46228DA9200C24940006BE29 /* Main.storyboard */,
				46228DB7200C275B0006BE29 /* StructProvider .swift */,
				46E4419E20171AB40083269D /* atlEvents.plist */,
				46228DAC200C24940006BE29 /* Assets.xcassets */,
				46228DB9200CAC6B0006BE29 /* BoutTimeAssets */,
				46228DAE200C24940006BE29 /* LaunchScreen.storyboard */,
				46228DB1200C24940006BE29 /* Info.plist */,
			);
			path = "Bout Time";
			sourceTree = "<group>";
		};
/* End PBXGroup section */

/* Begin PBXNativeTarget section */
		46228DA1200C24940006BE29 /* Bout Time */ = {
			isa = PBXNativeTarget;
			buildConfigurationList = 46228DB4200C24940006BE29 /* Build configuration list for PBXNativeTarget "Bout Time" */;
			buildPhases = (
				46228D9E200C24940006BE29 /* Sources */,
				46228D9F200C24940006BE29 /* Frameworks */,
				46228DA0200C24940006BE29 /* Resources */,
			);
			buildRules = (
			);
			dependencies = (
			);
			name = "Bout Time";
			productName = "Bout Time";
			productReference = 46228DA2200C24940006BE29 /* Bout Time.app */;
			productType = "com.apple.product-type.application";
		};
/* End PBXNativeTarget section */

/* Begin PBXProject section */
		46228D9A200C24940006BE29 /* Project object */ = {
			isa = PBXProject;
			attributes = {
				LastSwiftUpdateCheck = 0920;
				LastUpgradeCheck = 0920;
				ORGANIZATIONNAME = DrobEnterprises;
				TargetAttributes = {
					46228DA1200C24940006BE29 = {
						CreatedOnToolsVersion = 9.2;
						ProvisioningStyle = Automatic;
					};
				};
			};
			buildConfigurationList = 46228D9D200C24940006BE29 /* Build configuration list for PBXProject "Bout Time" */;
			compatibilityVersion = "Xcode 8.0";
			developmentRegion = en;
			hasScannedForEncodings = 0;
			knownRegions = (
				en,
				Base,
			);
			mainGroup = 46228D99200C24940006BE29;
			productRefGroup = 46228DA3200C24940006BE29 /* Products */;
			projectDirPath = "";
			projectRoot = "";
			targets = (
				46228DA1200C24940006BE29 /* Bout Time */,
			);
		};
/* End PBXProject section */

/* Begin PBXResourcesBuildPhase section */
		46228DA0200C24940006BE29 /* Resources */ = {
			isa = PBXResourcesBuildPhase;
			buildActionMask = 2147483647;
			files = (
				46E4419F20171AB40083269D /* atlEvents.plist in Resources */,
				46228DB0200C24940006BE29 /* LaunchScreen.storyboard in Resources */,
				46228DAD200C24940006BE29 /* Assets.xcassets in Resources */,
				46228DBA200CAC6B0006BE29 /* BoutTimeAssets in Resources */,
				46228DAB200C24940006BE29 /* Main.storyboard in Resources */,
			);
			runOnlyForDeploymentPostprocessing = 0;
		};
/* End PBXResourcesBuildPhase section */

/* Begin PBXSourcesBuildPhase section */
		46228D9E200C24940006BE29 /* Sources */ = {
			isa = PBXSourcesBuildPhase;
			buildActionMask = 2147483647;
			files = (
				46DE30EA201795760059A0B3 /* View1Controller.swift in Sources */,
				46228DB8200C275B0006BE29 /* StructProvider .swift in Sources */,
				46228DA8200C24940006BE29 /* ViewController.swift in Sources */,
				46DE30EE2017A7030059A0B3 /* WebViewController.swift in Sources */,
				46228DA6200C24940006BE29 /* AppDelegate.swift in Sources */,
			);
			runOnlyForDeploymentPostprocessing = 0;
		};
/* End PBXSourcesBuildPhase section */

/* Begin PBXVariantGroup section */
		46228DA9200C24940006BE29 /* Main.storyboard */ = {
			isa = PBXVariantGroup;
			children = (
				46228DAA200C24940006BE29 /* Base */,
			);
			name = Main.storyboard;
			sourceTree = "<group>";
		};
		46228DAE200C24940006BE29 /* LaunchScreen.storyboard */ = {
			isa = PBXVariantGroup;
			children = (
				46228DAF200C24940006BE29 /* Base */,
			);
			name = LaunchScreen.storyboard;
			sourceTree = "<group>";
		};
/* End PBXVariantGroup section */

/* Begin XCBuildConfiguration section */
		46228DB2200C24940006BE29 /* Debug */ = {
			isa = XCBuildConfiguration;
			buildSettings = {
				ALWAYS_SEARCH_USER_PATHS = NO;
				CLANG_ANALYZER_NONNULL = YES;
				CLANG_ANALYZER_NUMBER_OBJECT_CONVERSION = YES_AGGRESSIVE;
				CLANG_CXX_LANGUAGE_STANDARD = "gnu++14";
				CLANG_CXX_LIBRARY = "libc++";
				CLANG_ENABLE_MODULES = YES;
				CLANG_ENABLE_OBJC_ARC = YES;
				CLANG_WARN_BLOCK_CAPTURE_AUTORELEASING = YES;
				CLANG_WARN_BOOL_CONVERSION = YES;
				CLANG_WARN_COMMA = YES;
				CLANG_WARN_CONSTANT_CONVERSION = YES;
				CLANG_WARN_DIRECT_OBJC_ISA_USAGE = YES_ERROR;
				CLANG_WARN_DOCUMENTATION_COMMENTS = YES;
				CLANG_WARN_EMPTY_BODY = YES;
				CLANG_WARN_ENUM_CONVERSION = YES;
				CLANG_WARN_INFINITE_RECURSION = YES;
				CLANG_WARN_INT_CONVERSION = YES;
				CLANG_WARN_NON_LITERAL_NULL_CONVERSION = YES;
				CLANG_WARN_OBJC_LITERAL_CONVERSION = YES;
				CLANG_WARN_OBJC_ROOT_CLASS = YES_ERROR;
				CLANG_WARN_RANGE_LOOP_ANALYSIS = YES;
				CLANG_WARN_STRICT_PROTOTYPES = YES;
				CLANG_WARN_SUSPICIOUS_MOVE = YES;
				CLANG_WARN_UNGUARDED_AVAILABILITY = YES_AGGRESSIVE;
				CLANG_WARN_UNREACHABLE_CODE = YES;
				CLANG_WARN__DUPLICATE_METHOD_MATCH = YES;
				CODE_SIGN_IDENTITY = "iPhone Developer";
				COPY_PHASE_STRIP = NO;
				DEBUG_INFORMATION_FORMAT = dwarf;
				ENABLE_STRICT_OBJC_MSGSEND = YES;
				ENABLE_TESTABILITY = YES;
				GCC_C_LANGUAGE_STANDARD = gnu11;
				GCC_DYNAMIC_NO_PIC = NO;
				GCC_NO_COMMON_BLOCKS = YES;
				GCC_OPTIMIZATION_LEVEL = 0;
				GCC_PREPROCESSOR_DEFINITIONS = (
					"DEBUG=1",
					"$(inherited)",
				);
				GCC_WARN_64_TO_32_BIT_CONVERSION = YES;
				GCC_WARN_ABOUT_RETURN_TYPE = YES_ERROR;
				GCC_WARN_UNDECLARED_SELECTOR = YES;
				GCC_WARN_UNINITIALIZED_AUTOS = YES_AGGRESSIVE;
				GCC_WARN_UNUSED_FUNCTION = YES;
				GCC_WARN_UNUSED_VARIABLE = YES;
				IPHONEOS_DEPLOYMENT_TARGET = 11.2;
				MTL_ENABLE_DEBUG_INFO = YES;
				ONLY_ACTIVE_ARCH = YES;
				SDKROOT = iphoneos;
				SWIFT_ACTIVE_COMPILATION_CONDITIONS = DEBUG;
				SWIFT_OPTIMIZATION_LEVEL = "-Onone";
			};
			name = Debug;
		};
		46228DB3200C24940006BE29 /* Release */ = {
			isa = XCBuildConfiguration;
			buildSettings = {
				ALWAYS_SEARCH_USER_PATHS = NO;
				CLANG_ANALYZER_NONNULL = YES;
				CLANG_ANALYZER_NUMBER_OBJECT_CONVERSION = YES_AGGRESSIVE;
				CLANG_CXX_LANGUAGE_STANDARD = "gnu++14";
				CLANG_CXX_LIBRARY = "libc++";
				CLANG_ENABLE_MODULES = YES;
				CLANG_ENABLE_OBJC_ARC = YES;
				CLANG_WARN_BLOCK_CAPTURE_AUTORELEASING = YES;
				CLANG_WARN_BOOL_CONVERSION = YES;
				CLANG_WARN_COMMA = YES;
				CLANG_WARN_CONSTANT_CONVERSION = YES;
				CLANG_WARN_DIRECT_OBJC_ISA_USAGE = YES_ERROR;
				CLANG_WARN_DOCUMENTATION_COMMENTS = YES;
				CLANG_WARN_EMPTY_BODY = YES;
				CLANG_WARN_ENUM_CONVERSION = YES;
				CLANG_WARN_INFINITE_RECURSION = YES;
				CLANG_WARN_INT_CONVERSION = YES;
				CLANG_WARN_NON_LITERAL_NULL_CONVERSION = YES;
				CLANG_WARN_OBJC_LITERAL_CONVERSION = YES;
				CLANG_WARN_OBJC_ROOT_CLASS = YES_ERROR;
				CLANG_WARN_RANGE_LOOP_ANALYSIS = YES;
				CLANG_WARN_STRICT_PROTOTYPES = YES;
				CLANG_WARN_SUSPICIOUS_MOVE = YES;
				CLANG_WARN_UNGUARDED_AVAILABILITY = YES_AGGRESSIVE;
				CLANG_WARN_UNREACHABLE_CODE = YES;
				CLANG_WARN__DUPLICATE_METHOD_MATCH = YES;
				CODE_SIGN_IDENTITY = "iPhone Developer";
				COPY_PHASE_STRIP = NO;
				DEBUG_INFORMATION_FORMAT = "dwarf-with-dsym";
				ENABLE_NS_ASSERTIONS = NO;
				ENABLE_STRICT_OBJC_MSGSEND = YES;
				GCC_C_LANGUAGE_STANDARD = gnu11;
				GCC_NO_COMMON_BLOCKS = YES;
				GCC_WARN_64_TO_32_BIT_CONVERSION = YES;
				GCC_WARN_ABOUT_RETURN_TYPE = YES_ERROR;
				GCC_WARN_UNDECLARED_SELECTOR = YES;
				GCC_WARN_UNINITIALIZED_AUTOS = YES_AGGRESSIVE;
				GCC_WARN_UNUSED_FUNCTION = YES;
				GCC_WARN_UNUSED_VARIABLE = YES;
				IPHONEOS_DEPLOYMENT_TARGET = 11.2;
				MTL_ENABLE_DEBUG_INFO = NO;
				SDKROOT = iphoneos;
				SWIFT_OPTIMIZATION_LEVEL = "-Owholemodule";
				VALIDATE_PRODUCT = YES;
			};
			name = Release;
		};
		46228DB5200C24940006BE29 /* Debug */ = {
			isa = XCBuildConfiguration;
			buildSettings = {
				ASSETCATALOG_COMPILER_APPICON_NAME = AppIcon;
				CODE_SIGN_STYLE = Automatic;
				DEVELOPMENT_TEAM = B4H9U4LTML;
				INFOPLIST_FILE = "Bout Time/Info.plist";
				LD_RUNPATH_SEARCH_PATHS = "$(inherited) @executable_path/Frameworks";
				PRODUCT_BUNDLE_IDENTIFIER = "com.drob.xcode.Bout-Time";
				PRODUCT_NAME = "$(TARGET_NAME)";
				SWIFT_VERSION = 4.0;
				TARGETED_DEVICE_FAMILY = "1,2";
			};
			name = Debug;
		};
		46228DB6200C24940006BE29 /* Release */ = {
			isa = XCBuildConfiguration;
			buildSettings = {
				ASSETCATALOG_COMPILER_APPICON_NAME = AppIcon;
				CODE_SIGN_STYLE = Automatic;
				DEVELOPMENT_TEAM = B4H9U4LTML;
				INFOPLIST_FILE = "Bout Time/Info.plist";
				LD_RUNPATH_SEARCH_PATHS = "$(inherited) @executable_path/Frameworks";
				PRODUCT_BUNDLE_IDENTIFIER = "com.drob.xcode.Bout-Time";
				PRODUCT_NAME = "$(TARGET_NAME)";
				SWIFT_VERSION = 4.0;
				TARGETED_DEVICE_FAMILY = "1,2";
			};
			name = Release;
		};
/* End XCBuildConfiguration section */

/* Begin XCConfigurationList section */
		46228D9D200C24940006BE29 /* Build configuration list for PBXProject "Bout Time" */ = {
			isa = XCConfigurationList;
			buildConfigurations = (
				46228DB2200C24940006BE29 /* Debug */,
				46228DB3200C24940006BE29 /* Release */,
			);
			defaultConfigurationIsVisible = 0;
			defaultConfigurationName = Release;
		};
		46228DB4200C24940006BE29 /* Build configuration list for PBXNativeTarget "Bout Time" */ = {
			isa = XCConfigurationList;
			buildConfigurations = (
				46228DB5200C24940006BE29 /* Debug */,
				46228DB6200C24940006BE29 /* Release */,
			);
			defaultConfigurationIsVisible = 0;
			defaultConfigurationName = Release;
		};
/* End XCConfigurationList section */
	};
	rootObject = 46228D9A200C24940006BE29 /* Project object */;
}
